
Microsoft Visual Studio Solution File, Format Version 12.00
# Visual Studio Version 17
VisualStudioVersion = 17.13.35931.197
MinimumVisualStudioVersion = 10.0.40219.1
Project("{FAE04EC0-301F-11D3-BF4B-00C04F79EFBC}") = "JogR", "Projet1\JogR.csproj", "{2AA540F4-3BA6-4783-B3E3-FEB1E2B5DE6B}"
EndProject
Global
	GlobalSection(SolutionConfigurationPlatforms) = preSolution
		Debug|Any CPU = Debug|Any CPU
		Release|Any CPU = Release|Any CPU
	EndGlobalSection
	GlobalSection(ProjectConfigurationPlatforms) = postSolution
		{2AA540F4-3BA6-4783-B3E3-FEB1E2B5DE6B}.Debug|Any CPU.ActiveCfg = Debug|Any CPU
		{2AA540F4-3BA6-4783-B3E3-FEB1E2B5DE6B}.Debug|Any CPU.Build.0 = Debug|Any CPU
		{2AA540F4-3BA6-4783-B3E3-FEB1E2B5DE6B}.Release|Any CPU.ActiveCfg = Release|Any CPU
		{2AA540F4-3BA6-4783-B3E3-FEB1E2B5DE6B}.Release|Any CPU.Build.0 = Release|Any CPU
	EndGlobalSection
	GlobalSection(SolutionProperties) = preSolution
		HideSolutionNode = FALSE
	EndGlobalSection
	GlobalSection(ExtensibilityGlobals) = postSolution
		SolutionGuid = {F68F616D-28B8-4303-9D3D-C9B28211D223}
	EndGlobalSection
EndGlobal
